Microsoft Visual Studio Solution File, Format Version 11.00
# Visual Studio 2010
# SharpDevelop 4.4
Project("{FAE04EC0-301F-11D3-BF4B-00C04F79EFBC}") = "SplittenStudio", "SplittenStudio\SplittenStudio.csproj", "{BD548E80-DB46-4A6A-8F1A-69F42BDC436E}"
EndProject
Global
	GlobalSection(SolutionConfigurationPlatforms) = preSolution
		Debug|Any CPU = Debug|Any CPU
		Release|Any CPU = Release|Any CPU
	EndGlobalSection
	GlobalSection(ProjectConfigurationPlatforms) = postSolution
		{BD548E80-DB46-4A6A-8F1A-69F42BDC436E}.Debug|Any CPU.Build.0 = Debug|Any CPU
		{BD548E80-DB46-4A6A-8F1A-69F42BDC436E}.Debug|Any CPU.ActiveCfg = Debug|Any CPU
		{BD548E80-DB46-4A6A-8F1A-69F42BDC436E}.Release|Any CPU.Build.0 = Release|Any CPU
		{BD548E80-DB46-4A6A-8F1A-69F42BDC436E}.Release|Any CPU.ActiveCfg = Release|Any CPU
	EndGlobalSection
EndGlobal
